
Microsoft Visual Studio Solution File, Format Version 12.00
# Visual Studio Version 17
VisualStudioVersion = 17.0.32112.339
MinimumVisualStudioVersion = 10.0.40219.1
Project("{FAE04EC0-301F-11D3-BF4B-00C04F79EFBC}") = "DocShare", "DocShare.csproj", "{ADFACDB9-883F-4EBF-9A96-3769B1B3D68A}"
EndProject
Global
	GlobalSection(SolutionConfigurationPlatforms) = preSolution
		Debug|Any CPU = Debug|Any CPU
		Release|Any CPU = Release|Any CPU
	EndGlobalSection
	GlobalSection(ProjectConfigurationPlatforms) = postSolution
		{ADFACDB9-883F-4EBF-9A96-3769B1B3D68A}.Debug|Any CPU.ActiveCfg = Debug|Any CPU
		{ADFACDB9-883F-4EBF-9A96-3769B1B3D68A}.Debug|Any CPU.Build.0 = Debug|Any CPU
		{ADFACDB9-883F-4EBF-9A96-3769B1B3D68A}.Release|Any CPU.ActiveCfg = Release|Any CPU
		{ADFACDB9-883F-4EBF-9A96-3769B1B3D68A}.Release|Any CPU.Build.0 = Release|Any CPU
	EndGlobalSection
	GlobalSection(SolutionProperties) = preSolution
		HideSolutionNode = FALSE
	EndGlobalSection
	GlobalSection(ExtensibilityGlobals) = postSolution
		SolutionGuid = {B0206C7C-A1A9-416D-8D6E-26CE17DA123C}
	EndGlobalSection
EndGlobal
